// !$*UTF8*$!
{
	archiveVersion = 1;
	classes = {
	};
	objectVersion = 56;
	objects = {

/* Begin PBXBuildFile section */
		790A0B2E2ADFD37600B42F47 /* TradeApp.swift in Sources */ = {isa = PBXBuildFile; fileRef = 790A0B2D2ADFD37600B42F47 /* TradeApp.swift */; };
		790A0B302ADFD37600B42F47 /* ContentView.swift in Sources */ = {isa = PBXBuildFile; fileRef = 790A0B2F2ADFD37600B42F47 /* ContentView.swift */; };
		790A0B322ADFD37800B42F47 /* Assets.xcassets in Resources */ = {isa = PBXBuildFile; fileRef = 790A0B312ADFD37800B42F47 /* Assets.xcassets */; };
		790A0B352ADFD37800B42F47 /* Preview Assets.xcassets in Resources */ = {isa = PBXBuildFile; fileRef = 790A0B342ADFD37800B42F47 /* Preview Assets.xcassets */; };
		790A0B3C2ADFD3AF00B42F47 /* SwiftUIWebView.swift in Sources */ = {isa = PBXBuildFile; fileRef = 790A0B3B2ADFD3AF00B42F47 /* SwiftUIWebView.swift */; };
		790A0B3E2ADFEB4A00B42F47 /* EURUSD.html in Resources */ = {isa = PBXBuildFile; fileRef = 790A0B3D2ADFEB4A00B42F47 /* EURUSD.html */; };
		790A0B412AE005A600B42F47 /* Color.swift in Sources */ = {isa = PBXBuildFile; fileRef = 790A0B402AE005A600B42F47 /* Color.swift */; };
		790A0B432AE0122900B42F47 /* MainView.swift in Sources */ = {isa = PBXBuildFile; fileRef = 790A0B422AE0122900B42F47 /* MainView.swift */; };
		790A0B452AE0126600B42F47 /* TopView.swift in Sources */ = {isa = PBXBuildFile; fileRef = 790A0B442AE0126600B42F47 /* TopView.swift */; };
		790A0B472AE1524400B42F47 /* ButtonsView.swift in Sources */ = {isa = PBXBuildFile; fileRef = 790A0B462AE1524400B42F47 /* ButtonsView.swift */; };
		790A0B492AE286D500B42F47 /* TradeViewModel.swift in Sources */ = {isa = PBXBuildFile; fileRef = 790A0B482AE286D500B42F47 /* TradeViewModel.swift */; };
		790A0B4E2AE28E3800B42F47 /* FocusEnum.swift in Sources */ = {isa = PBXBuildFile; fileRef = 790A0B4D2AE28E3800B42F47 /* FocusEnum.swift */; };
		790A0B502AE2ABB700B42F47 /* CurrencyPairView.swift in Sources */ = {isa = PBXBuildFile; fileRef = 790A0B4F2AE2ABB700B42F47 /* CurrencyPairView.swift */; };
		790A0B522AE3CDCF00B42F47 /* GBPUSD.html in Resources */ = {isa = PBXBuildFile; fileRef = 790A0B512AE3CDCE00B42F47 /* GBPUSD.html */; };
		790A0B542AE3D12E00B42F47 /* CurrencyPairViewModel.swift in Sources */ = {isa = PBXBuildFile; fileRef = 790A0B532AE3D12E00B42F47 /* CurrencyPairViewModel.swift */; };
		790A0B562AE3D1A000B42F47 /* EURCAD.html in Resources */ = {isa = PBXBuildFile; fileRef = 790A0B552AE3D1A000B42F47 /* EURCAD.html */; };
		790A0B582AE3D1D100B42F47 /* USDCAD.html in Resources */ = {isa = PBXBuildFile; fileRef = 790A0B572AE3D1D100B42F47 /* USDCAD.html */; };
		790A0B5B2AE3D22D00B42F47 /* AUDUSD.html in Resources */ = {isa = PBXBuildFile; fileRef = 790A0B5A2AE3D22D00B42F47 /* AUDUSD.html */; };
		790A0B5D2AE3D25700B42F47 /* NZDUSD.html in Resources */ = {isa = PBXBuildFile; fileRef = 790A0B5C2AE3D25700B42F47 /* NZDUSD.html */; };
		790A0B612AE3D2AE00B42F47 /* EURAUD.html in Resources */ = {isa = PBXBuildFile; fileRef = 790A0B602AE3D2AE00B42F47 /* EURAUD.html */; };
		790A0B652AE3D31400B42F47 /* CHFJPY.html in Resources */ = {isa = PBXBuildFile; fileRef = 790A0B642AE3D31400B42F47 /* CHFJPY.html */; };
		790A0B672AE3D37000B42F47 /* CADJPY.html in Resources */ = {isa = PBXBuildFile; fileRef = 790A0B662AE3D37000B42F47 /* CADJPY.html */; };
		790A0B742AE3E71800B42F47 /* UserModel.swift in Sources */ = {isa = PBXBuildFile; fileRef = 790A0B732AE3E71800B42F47 /* UserModel.swift */; };
		790A0B762AE3E7A800B42F47 /* TopViewModel.swift in Sources */ = {isa = PBXBuildFile; fileRef = 790A0B752AE3E7A800B42F47 /* TopViewModel.swift */; };
		790A0B7A2AE5310D00B42F47 /* MyTimer.swift in Sources */ = {isa = PBXBuildFile; fileRef = 790A0B792AE5310D00B42F47 /* MyTimer.swift */; };
		790A0B7C2AE538CC00B42F47 /* NotificationView.swift in Sources */ = {isa = PBXBuildFile; fileRef = 790A0B7B2AE538CC00B42F47 /* NotificationView.swift */; };
		790A0B7E2AE53CD300B42F47 /* PrpgressView.swift in Sources */ = {isa = PBXBuildFile; fileRef = 790A0B7D2AE53CD300B42F47 /* PrpgressView.swift */; };
/* End PBXBuildFile section */

/* Begin PBXFileReference section */
		790A0B2A2ADFD37600B42F47 /* Trade.app */ = {isa = PBXFileReference; explicitFileType = wrapper.application; includeInIndex = 0; path = Trade.app; sourceTree = BUILT_PRODUCTS_DIR; };
		790A0B2D2ADFD37600B42F47 /* TradeApp.swift */ = {isa = PBXFileReference; lastKnownFileType = sourcecode.swift; path = TradeApp.swift; sourceTree = "<group>"; };
		790A0B2F2ADFD37600B42F47 /* ContentView.swift */ = {isa = PBXFileReference; lastKnownFileType = sourcecode.swift; path = ContentView.swift; sourceTree = "<group>"; };
		790A0B312ADFD37800B42F47 /* Assets.xcassets */ = {isa = PBXFileReference; lastKnownFileType = folder.assetcatalog; path = Assets.xcassets; sourceTree = "<group>"; };
		790A0B342ADFD37800B42F47 /* Preview Assets.xcassets */ = {isa = PBXFileReference; lastKnownFileType = folder.assetcatalog; path = "Preview Assets.xcassets"; sourceTree = "<group>"; };
		790A0B3B2ADFD3AF00B42F47 /* SwiftUIWebView.swift */ = {isa = PBXFileReference; lastKnownFileType = sourcecode.swift; path = SwiftUIWebView.swift; sourceTree = "<group>"; };
		790A0B3D2ADFEB4A00B42F47 /* EURUSD.html */ = {isa = PBXFileReference; fileEncoding = 4; lastKnownFileType = text.html; path = EURUSD.html; sourceTree = "<group>"; };
		790A0B402AE005A600B42F47 /* Color.swift */ = {isa = PBXFileReference; lastKnownFileType = sourcecode.swift; path = Color.swift; sourceTree = "<group>"; };
		790A0B422AE0122900B42F47 /* MainView.swift */ = {isa = PBXFileReference; lastKnownFileType = sourcecode.swift; path = MainView.swift; sourceTree = "<group>"; };
		790A0B442AE0126600B42F47 /* TopView.swift */ = {isa = PBXFileReference; lastKnownFileType = sourcecode.swift; path = TopView.swift; sourceTree = "<group>"; };
		790A0B462AE1524400B42F47 /* ButtonsView.swift */ = {isa = PBXFileReference; lastKnownFileType = sourcecode.swift; path = ButtonsView.swift; sourceTree = "<group>"; };
		790A0B482AE286D500B42F47 /* TradeViewModel.swift */ = {isa = PBXFileReference; lastKnownFileType = sourcecode.swift; path = TradeViewModel.swift; sourceTree = "<group>"; };
		790A0B4D2AE28E3800B42F47 /* FocusEnum.swift */ = {isa = PBXFileReference; lastKnownFileType = sourcecode.swift; path = FocusEnum.swift; sourceTree = "<group>"; };
		790A0B4F2AE2ABB700B42F47 /* CurrencyPairView.swift */ = {isa = PBXFileReference; lastKnownFileType = sourcecode.swift; path = CurrencyPairView.swift; sourceTree = "<group>"; };
		790A0B512AE3CDCE00B42F47 /* GBPUSD.html */ = {isa = PBXFileReference; fileEncoding = 4; lastKnownFileType = text.html; path = GBPUSD.html; sourceTree = "<group>"; };
		790A0B532AE3D12E00B42F47 /* CurrencyPairViewModel.swift */ = {isa = PBXFileReference; lastKnownFileType = sourcecode.swift; path = CurrencyPairViewModel.swift; sourceTree = "<group>"; };
		790A0B552AE3D1A000B42F47 /* EURCAD.html */ = {isa = PBXFileReference; fileEncoding = 4; lastKnownFileType = text.html; path = EURCAD.html; sourceTree = "<group>"; };
		790A0B572AE3D1D100B42F47 /* USDCAD.html */ = {isa = PBXFileReference; fileEncoding = 4; lastKnownFileType = text.html; path = USDCAD.html; sourceTree = "<group>"; };
		790A0B5A2AE3D22D00B42F47 /* AUDUSD.html */ = {isa = PBXFileReference; fileEncoding = 4; lastKnownFileType = text.html; path = AUDUSD.html; sourceTree = "<group>"; };
		790A0B5C2AE3D25700B42F47 /* NZDUSD.html */ = {isa = PBXFileReference; fileEncoding = 4; lastKnownFileType = text.html; path = NZDUSD.html; sourceTree = "<group>"; };
		790A0B602AE3D2AE00B42F47 /* EURAUD.html */ = {isa = PBXFileReference; fileEncoding = 4; lastKnownFileType = text.html; path = EURAUD.html; sourceTree = "<group>"; };
		790A0B642AE3D31400B42F47 /* CHFJPY.html */ = {isa = PBXFileReference; fileEncoding = 4; lastKnownFileType = text.html; path = CHFJPY.html; sourceTree = "<group>"; };
		790A0B662AE3D37000B42F47 /* CADJPY.html */ = {isa = PBXFileReference; fileEncoding = 4; lastKnownFileType = text.html; path = CADJPY.html; sourceTree = "<group>"; };
		790A0B732AE3E71800B42F47 /* UserModel.swift */ = {isa = PBXFileReference; lastKnownFileType = sourcecode.swift; path = UserModel.swift; sourceTree = "<group>"; };
		790A0B752AE3E7A800B42F47 /* TopViewModel.swift */ = {isa = PBXFileReference; lastKnownFileType = sourcecode.swift; path = TopViewModel.swift; sourceTree = "<group>"; };
		790A0B792AE5310D00B42F47 /* MyTimer.swift */ = {isa = PBXFileReference; lastKnownFileType = sourcecode.swift; path = MyTimer.swift; sourceTree = "<group>"; };
		790A0B7B2AE538CC00B42F47 /* NotificationView.swift */ = {isa = PBXFileReference; lastKnownFileType = sourcecode.swift; path = NotificationView.swift; sourceTree = "<group>"; };
		790A0B7D2AE53CD300B42F47 /* PrpgressView.swift */ = {isa = PBXFileReference; lastKnownFileType = sourcecode.swift; path = PrpgressView.swift; sourceTree = "<group>"; };
/* End PBXFileReference section */

/* Begin PBXFrameworksBuildPhase section */
		790A0B272ADFD37600B42F47 /* Frameworks */ = {
			isa = PBXFrameworksBuildPhase;
			buildActionMask = 2147483647;
			files = (
			);
			runOnlyForDeploymentPostprocessing = 0;
		};
/* End PBXFrameworksBuildPhase section */

/* Begin PBXGroup section */
		790A0B212ADFD37600B42F47 = {
			isa = PBXGroup;
			children = (
				790A0B2C2ADFD37600B42F47 /* Trade */,
				790A0B2B2ADFD37600B42F47 /* Products */,
			);
			sourceTree = "<group>";
		};
		790A0B2B2ADFD37600B42F47 /* Products */ = {
			isa = PBXGroup;
			children = (
				790A0B2A2ADFD37600B42F47 /* Trade.app */,
			);
			name = Products;
			sourceTree = "<group>";
		};
		790A0B2C2ADFD37600B42F47 /* Trade */ = {
			isa = PBXGroup;
			children = (
				790A0B2D2ADFD37600B42F47 /* TradeApp.swift */,
				790A0B592AE3D1F900B42F47 /* New Group */,
				790A0B722AE3E70400B42F47 /* Model */,
				790A0B4A2AE28A8B00B42F47 /* ViewModel */,
				790A0B4B2AE28A9800B42F47 /* View */,
				790A0B3F2AE0057800B42F47 /* Support */,
				790A0B312ADFD37800B42F47 /* Assets.xcassets */,
				790A0B332ADFD37800B42F47 /* Preview Content */,
			);
			path = Trade;
			sourceTree = "<group>";
		};
		790A0B332ADFD37800B42F47 /* Preview Content */ = {
			isa = PBXGroup;
			children = (
				790A0B342ADFD37800B42F47 /* Preview Assets.xcassets */,
			);
			path = "Preview Content";
			sourceTree = "<group>";
		};
		790A0B3F2AE0057800B42F47 /* Support */ = {
			isa = PBXGroup;
			children = (
				790A0B3B2ADFD3AF00B42F47 /* SwiftUIWebView.swift */,
				790A0B792AE5310D00B42F47 /* MyTimer.swift */,
				790A0B402AE005A600B42F47 /* Color.swift */,
				790A0B4D2AE28E3800B42F47 /* FocusEnum.swift */,
			);
			path = Support;
			sourceTree = "<group>";
		};
		790A0B4A2AE28A8B00B42F47 /* ViewModel */ = {
			isa = PBXGroup;
			children = (
				790A0B482AE286D500B42F47 /* TradeViewModel.swift */,
				790A0B752AE3E7A800B42F47 /* TopViewModel.swift */,
				790A0B532AE3D12E00B42F47 /* CurrencyPairViewModel.swift */,
			);
			path = ViewModel;
			sourceTree = "<group>";
		};
		790A0B4B2AE28A9800B42F47 /* View */ = {
			isa = PBXGroup;
			children = (
				790A0B462AE1524400B42F47 /* ButtonsView.swift */,
				790A0B2F2ADFD37600B42F47 /* ContentView.swift */,
				790A0B442AE0126600B42F47 /* TopView.swift */,
				790A0B7B2AE538CC00B42F47 /* NotificationView.swift */,
				790A0B7D2AE53CD300B42F47 /* PrpgressView.swift */,
				790A0B4F2AE2ABB700B42F47 /* CurrencyPairView.swift */,
				790A0B422AE0122900B42F47 /* MainView.swift */,
			);
			path = View;
			sourceTree = "<group>";
		};
		790A0B592AE3D1F900B42F47 /* New Group */ = {
			isa = PBXGroup;
			children = (
				790A0B572AE3D1D100B42F47 /* USDCAD.html */,
				790A0B552AE3D1A000B42F47 /* EURCAD.html */,
				790A0B512AE3CDCE00B42F47 /* GBPUSD.html */,
				790A0B3D2ADFEB4A00B42F47 /* EURUSD.html */,
				790A0B5A2AE3D22D00B42F47 /* AUDUSD.html */,
				790A0B5C2AE3D25700B42F47 /* NZDUSD.html */,
				790A0B602AE3D2AE00B42F47 /* EURAUD.html */,
				790A0B642AE3D31400B42F47 /* CHFJPY.html */,
				790A0B662AE3D37000B42F47 /* CADJPY.html */,
			);
			path = "New Group";
			sourceTree = "<group>";
		};
		790A0B722AE3E70400B42F47 /* Model */ = {
			isa = PBXGroup;
			children = (
				790A0B732AE3E71800B42F47 /* UserModel.swift */,
			);
			name = Model;
			path = ViewModel/Model;
			sourceTree = "<group>";
		};
/* End PBXGroup section */

/* Begin PBXNativeTarget section */
		790A0B292ADFD37600B42F47 /* Trade */ = {
			isa = PBXNativeTarget;
			buildConfigurationList = 790A0B382ADFD37800B42F47 /* Build configuration list for PBXNativeTarget "Trade" */;
			buildPhases = (
				790A0B262ADFD37600B42F47 /* Sources */,
				790A0B272ADFD37600B42F47 /* Frameworks */,
				790A0B282ADFD37600B42F47 /* Resources */,
			);
			buildRules = (
			);
			dependencies = (
			);
			name = Trade;
			productName = Trade;
			productReference = 790A0B2A2ADFD37600B42F47 /* Trade.app */;
			productType = "com.apple.product-type.application";
		};
/* End PBXNativeTarget section */

/* Begin PBXProject section */
		790A0B222ADFD37600B42F47 /* Project object */ = {
			isa = PBXProject;
			attributes = {
				BuildIndependentTargetsInParallel = 1;
				LastSwiftUpdateCheck = 1500;
				LastUpgradeCheck = 1500;
				TargetAttributes = {
					790A0B292ADFD37600B42F47 = {
						CreatedOnToolsVersion = 15.0;
					};
				};
			};
			buildConfigurationList = 790A0B252ADFD37600B42F47 /* Build configuration list for PBXProject "Trade" */;
			compatibilityVersion = "Xcode 14.0";
			developmentRegion = en;
			hasScannedForEncodings = 0;
			knownRegions = (
				en,
				Base,
			);
			mainGroup = 790A0B212ADFD37600B42F47;
			productRefGroup = 790A0B2B2ADFD37600B42F47 /* Products */;
			projectDirPath = "";
			projectRoot = "";
			targets = (
				790A0B292ADFD37600B42F47 /* Trade */,
			);
		};
/* End PBXProject section */

/* Begin PBXResourcesBuildPhase section */
		790A0B282ADFD37600B42F47 /* Resources */ = {
			isa = PBXResourcesBuildPhase;
			buildActionMask = 2147483647;
			files = (
				790A0B352ADFD37800B42F47 /* Preview Assets.xcassets in Resources */,
				790A0B672AE3D37000B42F47 /* CADJPY.html in Resources */,
				790A0B5B2AE3D22D00B42F47 /* AUDUSD.html in Resources */,
				790A0B522AE3CDCF00B42F47 /* GBPUSD.html in Resources */,
				790A0B562AE3D1A000B42F47 /* EURCAD.html in Resources */,
				790A0B612AE3D2AE00B42F47 /* EURAUD.html in Resources */,
				790A0B652AE3D31400B42F47 /* CHFJPY.html in Resources */,
				790A0B322ADFD37800B42F47 /* Assets.xcassets in Resources */,
				790A0B5D2AE3D25700B42F47 /* NZDUSD.html in Resources */,
				790A0B3E2ADFEB4A00B42F47 /* EURUSD.html in Resources */,
				790A0B582AE3D1D100B42F47 /* USDCAD.html in Resources */,
			);
			runOnlyForDeploymentPostprocessing = 0;
		};
/* End PBXResourcesBuildPhase section */

/* Begin PBXSourcesBuildPhase section */
		790A0B262ADFD37600B42F47 /* Sources */ = {
			isa = PBXSourcesBuildPhase;
			buildActionMask = 2147483647;
			files = (
				790A0B302ADFD37600B42F47 /* ContentView.swift in Sources */,
				790A0B7A2AE5310D00B42F47 /* MyTimer.swift in Sources */,
				790A0B412AE005A600B42F47 /* Color.swift in Sources */,
				790A0B4E2AE28E3800B42F47 /* FocusEnum.swift in Sources */,
				790A0B502AE2ABB700B42F47 /* CurrencyPairView.swift in Sources */,
				790A0B3C2ADFD3AF00B42F47 /* SwiftUIWebView.swift in Sources */,
				790A0B492AE286D500B42F47 /* TradeViewModel.swift in Sources */,
				790A0B542AE3D12E00B42F47 /* CurrencyPairViewModel.swift in Sources */,
				790A0B432AE0122900B42F47 /* MainView.swift in Sources */,
				790A0B472AE1524400B42F47 /* ButtonsView.swift in Sources */,
				790A0B452AE0126600B42F47 /* TopView.swift in Sources */,
				790A0B762AE3E7A800B42F47 /* TopViewModel.swift in Sources */,
				790A0B742AE3E71800B42F47 /* UserModel.swift in Sources */,
				790A0B2E2ADFD37600B42F47 /* TradeApp.swift in Sources */,
				790A0B7E2AE53CD300B42F47 /* PrpgressView.swift in Sources */,
				790A0B7C2AE538CC00B42F47 /* NotificationView.swift in Sources */,
			);
			runOnlyForDeploymentPostprocessing = 0;
		};
/* End PBXSourcesBuildPhase section */

/* Begin XCBuildConfiguration section */
		790A0B362ADFD37800B42F47 /* Debug */ = {
			isa = XCBuildConfiguration;
			buildSettings = {
				ALWAYS_SEARCH_USER_PATHS = NO;
				ASSETCATALOG_COMPILER_GENERATE_SWIFT_ASSET_SYMBOL_EXTENSIONS = YES;
				CLANG_ANALYZER_NONNULL = YES;
				CLANG_ANALYZER_NUMBER_OBJECT_CONVERSION = YES_AGGRESSIVE;
				CLANG_CXX_LANGUAGE_STANDARD = "gnu++20";
				CLANG_ENABLE_MODULES = YES;
				CLANG_ENABLE_OBJC_ARC = YES;
				CLANG_ENABLE_OBJC_WEAK = YES;
				CLANG_WARN_BLOCK_CAPTURE_AUTORELEASING = YES;
				CLANG_WARN_BOOL_CONVERSION = YES;
				CLANG_WARN_COMMA = YES;
				CLANG_WARN_CONSTANT_CONVERSION = YES;
				CLANG_WARN_DEPRECATED_OBJC_IMPLEMENTATIONS = YES;
				CLANG_WARN_DIRECT_OBJC_ISA_USAGE = YES_ERROR;
				CLANG_WARN_DOCUMENTATION_COMMENTS = YES;
				CLANG_WARN_EMPTY_BODY = YES;
				CLANG_WARN_ENUM_CONVERSION = YES;
				CLANG_WARN_INFINITE_RECURSION = YES;
				CLANG_WARN_INT_CONVERSION = YES;
				CLANG_WARN_NON_LITERAL_NULL_CONVERSION = YES;
				CLANG_WARN_OBJC_IMPLICIT_RETAIN_SELF = YES;
				CLANG_WARN_OBJC_LITERAL_CONVERSION = YES;
				CLANG_WARN_OBJC_ROOT_CLASS = YES_ERROR;
				CLANG_WARN_QUOTED_INCLUDE_IN_FRAMEWORK_HEADER = YES;
				CLANG_WARN_RANGE_LOOP_ANALYSIS = YES;
				CLANG_WARN_STRICT_PROTOTYPES = YES;
				CLANG_WARN_SUSPICIOUS_MOVE = YES;
				CLANG_WARN_UNGUARDED_AVAILABILITY = YES_AGGRESSIVE;
				CLANG_WARN_UNREACHABLE_CODE = YES;
				CLANG_WARN__DUPLICATE_METHOD_MATCH = YES;
				COPY_PHASE_STRIP = NO;
				DEBUG_INFORMATION_FORMAT = dwarf;
				ENABLE_STRICT_OBJC_MSGSEND = YES;
				ENABLE_TESTABILITY = YES;
				ENABLE_USER_SCRIPT_SANDBOXING = YES;
				GCC_C_LANGUAGE_STANDARD = gnu17;
				GCC_DYNAMIC_NO_PIC = NO;
				GCC_NO_COMMON_BLOCKS = YES;
				GCC_OPTIMIZATION_LEVEL = 0;
				GCC_PREPROCESSOR_DEFINITIONS = (
					"DEBUG=1",
					"$(inherited)",
				);
				GCC_WARN_64_TO_32_BIT_CONVERSION = YES;
				GCC_WARN_ABOUT_RETURN_TYPE = YES_ERROR;
				GCC_WARN_UNDECLARED_SELECTOR = YES;
				GCC_WARN_UNINITIALIZED_AUTOS = YES_AGGRESSIVE;
				GCC_WARN_UNUSED_FUNCTION = YES;
				GCC_WARN_UNUSED_VARIABLE = YES;
				IPHONEOS_DEPLOYMENT_TARGET = 17.0;
				LOCALIZATION_PREFERS_STRING_CATALOGS = YES;
				MTL_ENABLE_DEBUG_INFO = INCLUDE_SOURCE;
				MTL_FAST_MATH = YES;
				ONLY_ACTIVE_ARCH = YES;
				SDKROOT = iphoneos;
				SWIFT_ACTIVE_COMPILATION_CONDITIONS = "DEBUG $(inherited)";
				SWIFT_OPTIMIZATION_LEVEL = "-Onone";
			};
			name = Debug;
		};
		790A0B372ADFD37800B42F47 /* Release */ = {
			isa = XCBuildConfiguration;
			buildSettings = {
				ALWAYS_SEARCH_USER_PATHS = NO;
				ASSETCATALOG_COMPILER_GENERATE_SWIFT_ASSET_SYMBOL_EXTENSIONS = YES;
				CLANG_ANALYZER_NONNULL = YES;
				CLANG_ANALYZER_NUMBER_OBJECT_CONVERSION = YES_AGGRESSIVE;
				CLANG_CXX_LANGUAGE_STANDARD = "gnu++20";
				CLANG_ENABLE_MODULES = YES;
				CLANG_ENABLE_OBJC_ARC = YES;
				CLANG_ENABLE_OBJC_WEAK = YES;
				CLANG_WARN_BLOCK_CAPTURE_AUTORELEASING = YES;
				CLANG_WARN_BOOL_CONVERSION = YES;
				CLANG_WARN_COMMA = YES;
				CLANG_WARN_CONSTANT_CONVERSION = YES;
				CLANG_WARN_DEPRECATED_OBJC_IMPLEMENTATIONS = YES;
				CLANG_WARN_DIRECT_OBJC_ISA_USAGE = YES_ERROR;
				CLANG_WARN_DOCUMENTATION_COMMENTS = YES;
				CLANG_WARN_EMPTY_BODY = YES;
				CLANG_WARN_ENUM_CONVERSION = YES;
				CLANG_WARN_INFINITE_RECURSION = YES;
				CLANG_WARN_INT_CONVERSION = YES;
				CLANG_WARN_NON_LITERAL_NULL_CONVERSION = YES;
				CLANG_WARN_OBJC_IMPLICIT_RETAIN_SELF = YES;
				CLANG_WARN_OBJC_LITERAL_CONVERSION = YES;
				CLANG_WARN_OBJC_ROOT_CLASS = YES_ERROR;
				CLANG_WARN_QUOTED_INCLUDE_IN_FRAMEWORK_HEADER = YES;
				CLANG_WARN_RANGE_LOOP_ANALYSIS = YES;
				CLANG_WARN_STRICT_PROTOTYPES = YES;
				CLANG_WARN_SUSPICIOUS_MOVE = YES;
				CLANG_WARN_UNGUARDED_AVAILABILITY = YES_AGGRESSIVE;
				CLANG_WARN_UNREACHABLE_CODE = YES;
				CLANG_WARN__DUPLICATE_METHOD_MATCH = YES;
				COPY_PHASE_STRIP = NO;
				DEBUG_INFORMATION_FORMAT = "dwarf-with-dsym";
				ENABLE_NS_ASSERTIONS = NO;
				ENABLE_STRICT_OBJC_MSGSEND = YES;
				ENABLE_USER_SCRIPT_SANDBOXING = YES;
				GCC_C_LANGUAGE_STANDARD = gnu17;
				GCC_NO_COMMON_BLOCKS = YES;
				GCC_WARN_64_TO_32_BIT_CONVERSION = YES;
				GCC_WARN_ABOUT_RETURN_TYPE = YES_ERROR;
				GCC_WARN_UNDECLARED_SELECTOR = YES;
				GCC_WARN_UNINITIALIZED_AUTOS = YES_AGGRESSIVE;
				GCC_WARN_UNUSED_FUNCTION = YES;
				GCC_WARN_UNUSED_VARIABLE = YES;
				IPHONEOS_DEPLOYMENT_TARGET = 17.0;
				LOCALIZATION_PREFERS_STRING_CATALOGS = YES;
				MTL_ENABLE_DEBUG_INFO = NO;
				MTL_FAST_MATH = YES;
				SDKROOT = iphoneos;
				SWIFT_COMPILATION_MODE = wholemodule;
				VALIDATE_PRODUCT = YES;
			};
			name = Release;
		};
		790A0B392ADFD37800B42F47 /* Debug */ = {
			isa = XCBuildConfiguration;
			buildSettings = {
				ASSETCATALOG_COMPILER_APPICON_NAME = AppIcon;
				ASSETCATALOG_COMPILER_GLOBAL_ACCENT_COLOR_NAME = AccentColor;
				CODE_SIGN_STYLE = Automatic;
				CURRENT_PROJECT_VERSION = 1;
				DEVELOPMENT_ASSET_PATHS = "\"Trade/Preview Content\"";
				DEVELOPMENT_TEAM = 5HDJ6MMFHG;
				ENABLE_PREVIEWS = YES;
				GENERATE_INFOPLIST_FILE = YES;
				INFOPLIST_KEY_UIApplicationSceneManifest_Generation = YES;
				INFOPLIST_KEY_UIApplicationSupportsIndirectInputEvents = YES;
				INFOPLIST_KEY_UILaunchScreen_Generation = YES;
				INFOPLIST_KEY_UISupportedInterfaceOrientations_iPad = "UIInterfaceOrientationPortrait UIInterfaceOrientationPortraitUpsideDown UIInterfaceOrientationLandscapeLeft UIInterfaceOrientationLandscapeRight";
				INFOPLIST_KEY_UISupportedInterfaceOrientations_iPhone = "UIInterfaceOrientationPortrait UIInterfaceOrientationLandscapeLeft UIInterfaceOrientationLandscapeRight";
				LD_RUNPATH_SEARCH_PATHS = (
					"$(inherited)",
					"@executable_path/Frameworks",
				);
				MARKETING_VERSION = 1.0;
				PRODUCT_BUNDLE_IDENTIFIER = team.Trade;
				PRODUCT_NAME = "$(TARGET_NAME)";
				SWIFT_EMIT_LOC_STRINGS = YES;
				SWIFT_VERSION = 5.0;
				TARGETED_DEVICE_FAMILY = "1,2";
			};
			name = Debug;
		};
		790A0B3A2ADFD37800B42F47 /* Release */ = {
			isa = XCBuildConfiguration;
			buildSettings = {
				ASSETCATALOG_COMPILER_APPICON_NAME = AppIcon;
				ASSETCATALOG_COMPILER_GLOBAL_ACCENT_COLOR_NAME = AccentColor;
				CODE_SIGN_STYLE = Automatic;
				CURRENT_PROJECT_VERSION = 1;
				DEVELOPMENT_ASSET_PATHS = "\"Trade/Preview Content\"";
				DEVELOPMENT_TEAM = 5HDJ6MMFHG;
				ENABLE_PREVIEWS = YES;
				GENERATE_INFOPLIST_FILE = YES;
				INFOPLIST_KEY_UIApplicationSceneManifest_Generation = YES;
				INFOPLIST_KEY_UIApplicationSupportsIndirectInputEvents = YES;
				INFOPLIST_KEY_UILaunchScreen_Generation = YES;
				INFOPLIST_KEY_UISupportedInterfaceOrientations_iPad = "UIInterfaceOrientationPortrait UIInterfaceOrientationPortraitUpsideDown UIInterfaceOrientationLandscapeLeft UIInterfaceOrientationLandscapeRight";
				INFOPLIST_KEY_UISupportedInterfaceOrientations_iPhone = "UIInterfaceOrientationPortrait UIInterfaceOrientationLandscapeLeft UIInterfaceOrientationLandscapeRight";
				LD_RUNPATH_SEARCH_PATHS = (
					"$(inherited)",
					"@executable_path/Frameworks",
				);
				MARKETING_VERSION = 1.0;
				PRODUCT_BUNDLE_IDENTIFIER = team.Trade;
				PRODUCT_NAME = "$(TARGET_NAME)";
				SWIFT_EMIT_LOC_STRINGS = YES;
				SWIFT_VERSION = 5.0;
				TARGETED_DEVICE_FAMILY = "1,2";
			};
			name = Release;
		};
/* End XCBuildConfiguration section */

/* Begin XCConfigurationList section */
		790A0B252ADFD37600B42F47 /* Build configuration list for PBXProject "Trade" */ = {
			isa = XCConfigurationList;
			buildConfigurations = (
				790A0B362ADFD37800B42F47 /* Debug */,
				790A0B372ADFD37800B42F47 /* Release */,
			);
			defaultConfigurationIsVisible = 0;
			defaultConfigurationName = Release;
		};
		790A0B382ADFD37800B42F47 /* Build configuration list for PBXNativeTarget "Trade" */ = {
			isa = XCConfigurationList;
			buildConfigurations = (
				790A0B392ADFD37800B42F47 /* Debug */,
				790A0B3A2ADFD37800B42F47 /* Release */,
			);
			defaultConfigurationIsVisible = 0;
			defaultConfigurationName = Release;
		};
/* End XCConfigurationList section */
	};
	rootObject = 790A0B222ADFD37600B42F47 /* Project object */;
}
